
Microsoft Visual Studio Solution File, Format Version 12.00
# Visual Studio 15
VisualStudioVersion = 15.0.28307.572
MinimumVisualStudioVersion = 10.0.40219.1
Project("{8BC9CEB8-8B4A-11D0-8D11-00A0C91BC942}") = "EwanDX", "EwanDX\EwanDX.vcxproj", "{BCC8FF7F-4DD9-4686-A15C-2EB2169FC2F4}"
EndProject
Global
	GlobalSection(SolutionConfigurationPlatforms) = preSolution
		Debug|x64 = Debug|x64
		Debug|x86 = Debug|x86
		Release|x64 = Release|x64
		Release|x86 = Release|x86
	EndGlobalSection
	GlobalSection(ProjectConfigurationPlatforms) = postSolution
		{BCC8FF7F-4DD9-4686-A15C-2EB2169FC2F4}.Debug|x64.ActiveCfg = Debug|x64
		{BCC8FF7F-4DD9-4686-A15C-2EB2169FC2F4}.Debug|x64.Build.0 = Debug|x64
		{BCC8FF7F-4DD9-4686-A15C-2EB2169FC2F4}.Debug|x86.ActiveCfg = Debug|Win32
		{BCC8FF7F-4DD9-4686-A15C-2EB2169FC2F4}.Debug|x86.Build.0 = Debug|Win32
		{BCC8FF7F-4DD9-4686-A15C-2EB2169FC2F4}.Release|x64.ActiveCfg = Release|x64
		{BCC8FF7F-4DD9-4686-A15C-2EB2169FC2F4}.Release|x64.Build.0 = Release|x64
		{BCC8FF7F-4DD9-4686-A15C-2EB2169FC2F4}.Release|x86.ActiveCfg = Release|Win32
		{BCC8FF7F-4DD9-4686-A15C-2EB2169FC2F4}.Release|x86.Build.0 = Release|Win32
	EndGlobalSection
	GlobalSection(SolutionProperties) = preSolution
		HideSolutionNode = FALSE
	EndGlobalSection
	GlobalSection(ExtensibilityGlobals) = postSolution
		SolutionGuid = {84C39000-60D8-418D-ABFB-6CF48C7AA9B8}
	EndGlobalSection
EndGlobal
